
Microsoft Visual Studio Solution File, Format Version 12.00
# Visual Studio Version 17
VisualStudioVersion = 17.14.36221.1 d17.14
MinimumVisualStudioVersion = 10.0.40219.1
Project("{FAE04EC0-301F-11D3-BF4B-00C04F79EFBC}") = "Wrapture", "Wrapture.csproj", "{167D771F-E702-4519-A78A-61AB201AB2AB}"
EndProject
Global
	GlobalSection(SolutionConfigurationPlatforms) = preSolution
		Debug|Any CPU = Debug|Any CPU
		Release|Any CPU = Release|Any CPU
	EndGlobalSection
	GlobalSection(ProjectConfigurationPlatforms) = postSolution
		{167D771F-E702-4519-A78A-61AB201AB2AB}.Debug|Any CPU.ActiveCfg = Debug|Any CPU
		{167D771F-E702-4519-A78A-61AB201AB2AB}.Debug|Any CPU.Build.0 = Debug|Any CPU
		{167D771F-E702-4519-A78A-61AB201AB2AB}.Release|Any CPU.ActiveCfg = Release|Any CPU
		{167D771F-E702-4519-A78A-61AB201AB2AB}.Release|Any CPU.Build.0 = Release|Any CPU
	EndGlobalSection
	GlobalSection(SolutionProperties) = preSolution
		HideSolutionNode = FALSE
	EndGlobalSection
	GlobalSection(ExtensibilityGlobals) = postSolution
		SolutionGuid = {BBBF7A9D-EDE0-4A25-9972-28F0C2304B73}
	EndGlobalSection
EndGlobal
